
Microsoft Visual Studio Solution File, Format Version 12.00
# Visual Studio 2017
Project("{FAE04EC0-301F-11D3-BF4B-00C04F79EFBC}") = "Bowling_Unity", "Bowling_Unity.csproj", "{84AEDA2C-1947-9DD5-819C-D442F0857189}"
EndProject
Global
	GlobalSection(SolutionConfigurationPlatforms) = preSolution
		Debug|Any CPU = Debug|Any CPU
		Release|Any CPU = Release|Any CPU
	EndGlobalSection
	GlobalSection(ProjectConfigurationPlatforms) = postSolution
		{84AEDA2C-1947-9DD5-819C-D442F0857189}.Debug|Any CPU.ActiveCfg = Debug|Any CPU
		{84AEDA2C-1947-9DD5-819C-D442F0857189}.Debug|Any CPU.Build.0 = Debug|Any CPU
		{84AEDA2C-1947-9DD5-819C-D442F0857189}.Release|Any CPU.ActiveCfg = Release|Any CPU
		{84AEDA2C-1947-9DD5-819C-D442F0857189}.Release|Any CPU.Build.0 = Release|Any CPU
	EndGlobalSection
	GlobalSection(SolutionProperties) = preSolution
		HideSolutionNode = FALSE
	EndGlobalSection
EndGlobal
